
Microsoft Visual Studio Solution File, Format Version 12.00
# Visual Studio Version 16
VisualStudioVersion = 16.0.29306.81
MinimumVisualStudioVersion = 10.0.40219.1
Project("{FAE04EC0-301F-11D3-BF4B-00C04F79EFBC}") = "Derivative", "Derivative.csproj", "{A6E943E6-877A-425A-865D-F04450329ED8}"
EndProject
Global
	GlobalSection(SolutionConfigurationPlatforms) = preSolution
		Debug|Any CPU = Debug|Any CPU
		Release|Any CPU = Release|Any CPU
	EndGlobalSection
	GlobalSection(ProjectConfigurationPlatforms) = postSolution
		{A6E943E6-877A-425A-865D-F04450329ED8}.Debug|Any CPU.ActiveCfg = Debug|Any CPU
		{A6E943E6-877A-425A-865D-F04450329ED8}.Debug|Any CPU.Build.0 = Debug|Any CPU
		{A6E943E6-877A-425A-865D-F04450329ED8}.Release|Any CPU.ActiveCfg = Release|Any CPU
		{A6E943E6-877A-425A-865D-F04450329ED8}.Release|Any CPU.Build.0 = Release|Any CPU
	EndGlobalSection
	GlobalSection(SolutionProperties) = preSolution
		HideSolutionNode = FALSE
	EndGlobalSection
	GlobalSection(ExtensibilityGlobals) = postSolution
		SolutionGuid = {599C36E6-0AD0-40FE-A556-31236C206D00}
	EndGlobalSection
EndGlobal
